# @generated by Move, please check-in and do not edit manually.

[move]
version = 0
manifest_digest = "F11AE6B0894CE4B756E750C6EB08BD50827DA46CDCD9C9428181376E33D13CD0"
deps_digest = "F8BBB0CCB2491CA29A3DF03D6F92277A4F3574266507ACD77214D37ECA3F3082"

dependencies = [
  { name = "Sui" },
]

[[move.package]]
name = "MoveStdlib"
source = { local = "..\\..\\..\\sui\\crates\\sui-framework\\packages\\move-stdlib" }

[[move.package]]
name = "Sui"
source = { local = "..\\..\\..\\sui\\crates\\sui-framework\\packages\\sui-framework" }

dependencies = [
  { name = "MoveStdlib" },
]

[move.toolchain-version]
compiler-version = "1.29.0"
edition = "2024.beta"
flavor = "sui"

[env]

[env.devnet]
chain-id = "bd665407"
original-published-id = "0x221563c97717cc0a7cb578de896016a80adaf1781abe8158a9f2196efcfca69c"
latest-published-id = "0x221563c97717cc0a7cb578de896016a80adaf1781abe8158a9f2196efcfca69c"
published-version = "1"

[env.testnet]
chain-id = "4c78adac"
original-published-id = "0x23ecdbc208d1501c68590f6c9064bfab30992feb8d432c6eea28c2dfd29ed8ec"
latest-published-id = "0x23ecdbc208d1501c68590f6c9064bfab30992feb8d432c6eea28c2dfd29ed8ec"
published-version = "1"
